
Microsoft Visual Studio Solution File, Format Version 12.00
# Visual Studio Version 16
VisualStudioVersion = 16.0.31624.102
MinimumVisualStudioVersion = 10.0.40219.1
Project("{FAE04EC0-301F-11D3-BF4B-00C04F79EFBC}") = "Proyecto Final Grupo 3", "Proyecto Final Grupo 3.csproj", "{7AF33A91-7F0F-4BCD-A486-695BC47AE31C}"
EndProject
Global
	GlobalSection(SolutionConfigurationPlatforms) = preSolution
		Debug|Any CPU = Debug|Any CPU
		Release|Any CPU = Release|Any CPU
	EndGlobalSection
	GlobalSection(ProjectConfigurationPlatforms) = postSolution
		{7AF33A91-7F0F-4BCD-A486-695BC47AE31C}.Debug|Any CPU.ActiveCfg = Debug|Any CPU
		{7AF33A91-7F0F-4BCD-A486-695BC47AE31C}.Debug|Any CPU.Build.0 = Debug|Any CPU
		{7AF33A91-7F0F-4BCD-A486-695BC47AE31C}.Release|Any CPU.ActiveCfg = Release|Any CPU
		{7AF33A91-7F0F-4BCD-A486-695BC47AE31C}.Release|Any CPU.Build.0 = Release|Any CPU
	EndGlobalSection
	GlobalSection(SolutionProperties) = preSolution
		HideSolutionNode = FALSE
	EndGlobalSection
	GlobalSection(ExtensibilityGlobals) = postSolution
		SolutionGuid = {8A8184CD-FCB4-4B21-93AA-64ADE0960D0B}
	EndGlobalSection
EndGlobal
